
Microsoft Visual Studio Solution File, Format Version 12.00
# Visual Studio 14
VisualStudioVersion = 14.0.24720.0
MinimumVisualStudioVersion = 10.0.40219.1
Project("{FAE04EC0-301F-11D3-BF4B-00C04F79EFBC}") = "MqExperiments.NanoMsgEchoClient", "MqExperiments.NanoMsgEchoClient\MqExperiments.NanoMsgEchoClient.csproj", "{90533E45-F1D6-4157-A11D-3957A2C4169C}"
EndProject
Global
	GlobalSection(SolutionConfigurationPlatforms) = preSolution
		Debug|Any CPU = Debug|Any CPU
		Release|Any CPU = Release|Any CPU
	EndGlobalSection
	GlobalSection(ProjectConfigurationPlatforms) = postSolution
		{90533E45-F1D6-4157-A11D-3957A2C4169C}.Debug|Any CPU.ActiveCfg = Debug|Any CPU
		{90533E45-F1D6-4157-A11D-3957A2C4169C}.Debug|Any CPU.Build.0 = Debug|Any CPU
		{90533E45-F1D6-4157-A11D-3957A2C4169C}.Release|Any CPU.ActiveCfg = Release|Any CPU
		{90533E45-F1D6-4157-A11D-3957A2C4169C}.Release|Any CPU.Build.0 = Release|Any CPU
	EndGlobalSection
	GlobalSection(SolutionProperties) = preSolution
		HideSolutionNode = FALSE
	EndGlobalSection
EndGlobal
